
Microsoft Visual Studio Solution File, Format Version 12.00
Project("{2150E333-8FDC-42A3-9474-1A3956D46DE8}") = "Src", "Src", "{FF68EDF5-4530-4B44-9CF5-7D2562C3E1E9}"
EndProject
Project("{2150E333-8FDC-42A3-9474-1A3956D46DE8}") = "Common", "Common", "{85A87D70-536C-4FF9-8BC3-F19C50281C36}"
EndProject
Project("{2150E333-8FDC-42A3-9474-1A3956D46DE8}") = "Core", "Core", "{98809704-D857-4CAC-BACF-DEB647678C79}"
EndProject
Project("{2150E333-8FDC-42A3-9474-1A3956D46DE8}") = "Infrastructure", "Infrastructure", "{0811F7FE-2817-43AA-AB72-B2EB82E25894}"
EndProject
Project("{2150E333-8FDC-42A3-9474-1A3956D46DE8}") = "Presentation", "Presentation", "{8FB0C287-0818-42BF-8E55-17E270982761}"
EndProject
Project("{FAE04EC0-301F-11D3-BF4B-00C04F79EFBC}") = "BankingSystemProject.Common", "BankingSystemProject.Common\BankingSystemProject.Common.csproj", "{9FEC7C2E-4B69-4298-8410-030EDFFE779D}"
EndProject
Project("{FAE04EC0-301F-11D3-BF4B-00C04F79EFBC}") = "BankingSystemProject.Application", "BankingSystemProject.Application\BankingSystemProject.Application.csproj", "{E801EAD9-E246-481F-B0D8-0F8F52F9C52B}"
EndProject
Project("{FAE04EC0-301F-11D3-BF4B-00C04F79EFBC}") = "BankingSystemProject.Domain", "BankingSystemProject.Domain\BankingSystemProject.Domain.csproj", "{99C2E998-5985-4FD0-B8CE-0D09ED262E3C}"
EndProject
Project("{FAE04EC0-301F-11D3-BF4B-00C04F79EFBC}") = "BankingSystemProject.Infrastructure", "BankingSystemProject.Infrastructure\BankingSystemProject.Infrastructure.csproj", "{C7B723D8-EA3F-4A52-B4B2-E9F7B21CFFBC}"
EndProject
Project("{FAE04EC0-301F-11D3-BF4B-00C04F79EFBC}") = "BankingSystemProject.Persistence", "BankingSystemProject.Persistence\BankingSystemProject.Persistence.csproj", "{1DC52BC3-33CF-4014-B7E3-0CEFCA294BDB}"
EndProject
Project("{FAE04EC0-301F-11D3-BF4B-00C04F79EFBC}") = "BankingSystemProject.API", "BankingSystemProject.API\BankingSystemProject.API.csproj", "{BDC560AB-E1EE-4708-9CCB-C9836E4D82AB}"
EndProject
Global
	GlobalSection(SolutionConfigurationPlatforms) = preSolution
		Debug|Any CPU = Debug|Any CPU
		Release|Any CPU = Release|Any CPU
	EndGlobalSection
	GlobalSection(NestedProjects) = preSolution
		{85A87D70-536C-4FF9-8BC3-F19C50281C36} = {FF68EDF5-4530-4B44-9CF5-7D2562C3E1E9}
		{98809704-D857-4CAC-BACF-DEB647678C79} = {FF68EDF5-4530-4B44-9CF5-7D2562C3E1E9}
		{0811F7FE-2817-43AA-AB72-B2EB82E25894} = {FF68EDF5-4530-4B44-9CF5-7D2562C3E1E9}
		{8FB0C287-0818-42BF-8E55-17E270982761} = {FF68EDF5-4530-4B44-9CF5-7D2562C3E1E9}
		{9FEC7C2E-4B69-4298-8410-030EDFFE779D} = {85A87D70-536C-4FF9-8BC3-F19C50281C36}
		{E801EAD9-E246-481F-B0D8-0F8F52F9C52B} = {98809704-D857-4CAC-BACF-DEB647678C79}
		{99C2E998-5985-4FD0-B8CE-0D09ED262E3C} = {98809704-D857-4CAC-BACF-DEB647678C79}
		{C7B723D8-EA3F-4A52-B4B2-E9F7B21CFFBC} = {0811F7FE-2817-43AA-AB72-B2EB82E25894}
		{1DC52BC3-33CF-4014-B7E3-0CEFCA294BDB} = {0811F7FE-2817-43AA-AB72-B2EB82E25894}
		{BDC560AB-E1EE-4708-9CCB-C9836E4D82AB} = {8FB0C287-0818-42BF-8E55-17E270982761}
	EndGlobalSection
	GlobalSection(ProjectConfigurationPlatforms) = postSolution
		{9FEC7C2E-4B69-4298-8410-030EDFFE779D}.Debug|Any CPU.ActiveCfg = Debug|Any CPU
		{9FEC7C2E-4B69-4298-8410-030EDFFE779D}.Debug|Any CPU.Build.0 = Debug|Any CPU
		{9FEC7C2E-4B69-4298-8410-030EDFFE779D}.Release|Any CPU.ActiveCfg = Release|Any CPU
		{9FEC7C2E-4B69-4298-8410-030EDFFE779D}.Release|Any CPU.Build.0 = Release|Any CPU
		{E801EAD9-E246-481F-B0D8-0F8F52F9C52B}.Debug|Any CPU.ActiveCfg = Debug|Any CPU
		{E801EAD9-E246-481F-B0D8-0F8F52F9C52B}.Debug|Any CPU.Build.0 = Debug|Any CPU
		{E801EAD9-E246-481F-B0D8-0F8F52F9C52B}.Release|Any CPU.ActiveCfg = Release|Any CPU
		{E801EAD9-E246-481F-B0D8-0F8F52F9C52B}.Release|Any CPU.Build.0 = Release|Any CPU
		{99C2E998-5985-4FD0-B8CE-0D09ED262E3C}.Debug|Any CPU.ActiveCfg = Debug|Any CPU
		{99C2E998-5985-4FD0-B8CE-0D09ED262E3C}.Debug|Any CPU.Build.0 = Debug|Any CPU
		{99C2E998-5985-4FD0-B8CE-0D09ED262E3C}.Release|Any CPU.ActiveCfg = Release|Any CPU
		{99C2E998-5985-4FD0-B8CE-0D09ED262E3C}.Release|Any CPU.Build.0 = Release|Any CPU
		{C7B723D8-EA3F-4A52-B4B2-E9F7B21CFFBC}.Debug|Any CPU.ActiveCfg = Debug|Any CPU
		{C7B723D8-EA3F-4A52-B4B2-E9F7B21CFFBC}.Debug|Any CPU.Build.0 = Debug|Any CPU
		{C7B723D8-EA3F-4A52-B4B2-E9F7B21CFFBC}.Release|Any CPU.ActiveCfg = Release|Any CPU
		{C7B723D8-EA3F-4A52-B4B2-E9F7B21CFFBC}.Release|Any CPU.Build.0 = Release|Any CPU
		{1DC52BC3-33CF-4014-B7E3-0CEFCA294BDB}.Debug|Any CPU.ActiveCfg = Debug|Any CPU
		{1DC52BC3-33CF-4014-B7E3-0CEFCA294BDB}.Debug|Any CPU.Build.0 = Debug|Any CPU
		{1DC52BC3-33CF-4014-B7E3-0CEFCA294BDB}.Release|Any CPU.ActiveCfg = Release|Any CPU
		{1DC52BC3-33CF-4014-B7E3-0CEFCA294BDB}.Release|Any CPU.Build.0 = Release|Any CPU
		{BDC560AB-E1EE-4708-9CCB-C9836E4D82AB}.Debug|Any CPU.ActiveCfg = Debug|Any CPU
		{BDC560AB-E1EE-4708-9CCB-C9836E4D82AB}.Debug|Any CPU.Build.0 = Debug|Any CPU
		{BDC560AB-E1EE-4708-9CCB-C9836E4D82AB}.Release|Any CPU.ActiveCfg = Release|Any CPU
		{BDC560AB-E1EE-4708-9CCB-C9836E4D82AB}.Release|Any CPU.Build.0 = Release|Any CPU
	EndGlobalSection
EndGlobal
